// !$*UTF8*$!
{
	archiveVersion = 1;
	classes = {
	};
	objectVersion = 56;
	objects = {

/* Begin PBXBuildFile section */
		EC71444F2BEF68ED00FF52DF /* SaveView.swift in Sources */ = {isa = PBXBuildFile; fileRef = EC71444E2BEF68ED00FF52DF /* SaveView.swift */; };
		EC7144542BEF694F00FF52DF /* SaveViewViewModel.swift in Sources */ = {isa = PBXBuildFile; fileRef = EC7144532BEF694F00FF52DF /* SaveViewViewModel.swift */; };
		EC7144572BEF6B5C00FF52DF /* SaveTableViewCell.swift in Sources */ = {isa = PBXBuildFile; fileRef = EC7144562BEF6B5C00FF52DF /* SaveTableViewCell.swift */; };
		EC71445A2BEF6D7A00FF52DF /* SaveManager.swift in Sources */ = {isa = PBXBuildFile; fileRef = EC7144592BEF6D7A00FF52DF /* SaveManager.swift */; };
		EC7667B12BECD91A003E2C86 /* ACNewsDetailsViewController.swift in Sources */ = {isa = PBXBuildFile; fileRef = EC7667B02BECD91A003E2C86 /* ACNewsDetailsViewController.swift */; };
		EC7667B32BECD939003E2C86 /* ACNewsDetailsViewViewModel.swift in Sources */ = {isa = PBXBuildFile; fileRef = EC7667B22BECD939003E2C86 /* ACNewsDetailsViewViewModel.swift */; };
		EC7667B52BECD959003E2C86 /* ACNewsDetailsView.swift in Sources */ = {isa = PBXBuildFile; fileRef = EC7667B42BECD959003E2C86 /* ACNewsDetailsView.swift */; };
		EC78D1462C1F678600DE156D /* Endpoint.swift in Sources */ = {isa = PBXBuildFile; fileRef = EC78D1452C1F678600DE156D /* Endpoint.swift */; };
		EC78D14A2C1F7D4600DE156D /* CategorySelectionView.swift in Sources */ = {isa = PBXBuildFile; fileRef = EC78D1492C1F7D4600DE156D /* CategorySelectionView.swift */; };
		EC78D14C2C1F81FD00DE156D /* CategorySelectionCollectionViewCell.swift in Sources */ = {isa = PBXBuildFile; fileRef = EC78D14B2C1F81FD00DE156D /* CategorySelectionCollectionViewCell.swift */; };
		EC78D1502C22E2A700DE156D /* DiscoverViewController.swift in Sources */ = {isa = PBXBuildFile; fileRef = EC78D14F2C22E2A700DE156D /* DiscoverViewController.swift */; };
		EC78D1552C22E3D100DE156D /* DiscoverView.swift in Sources */ = {isa = PBXBuildFile; fileRef = EC78D1542C22E3D100DE156D /* DiscoverView.swift */; };
		EC78D1572C22E53900DE156D /* DiscoverTableViewCell.swift in Sources */ = {isa = PBXBuildFile; fileRef = EC78D1562C22E53900DE156D /* DiscoverTableViewCell.swift */; };
		EC78D1592C25B43A00DE156D /* DiscoverViewViewModel.swift in Sources */ = {isa = PBXBuildFile; fileRef = EC78D1582C25B43A00DE156D /* DiscoverViewViewModel.swift */; };
		EC78D15B2C260B8F00DE156D /* Protocols.swift in Sources */ = {isa = PBXBuildFile; fileRef = EC78D15A2C260B8F00DE156D /* Protocols.swift */; };
		EC8808872BEB953D00BCAC60 /* AppDelegate.swift in Sources */ = {isa = PBXBuildFile; fileRef = EC8808862BEB953D00BCAC60 /* AppDelegate.swift */; };
		EC8808892BEB953D00BCAC60 /* SceneDelegate.swift in Sources */ = {isa = PBXBuildFile; fileRef = EC8808882BEB953D00BCAC60 /* SceneDelegate.swift */; };
		EC88088B2BEB953D00BCAC60 /* ViewController.swift in Sources */ = {isa = PBXBuildFile; fileRef = EC88088A2BEB953D00BCAC60 /* ViewController.swift */; };
		EC88088E2BEB953D00BCAC60 /* Main.storyboard in Resources */ = {isa = PBXBuildFile; fileRef = EC88088C2BEB953D00BCAC60 /* Main.storyboard */; };
		EC8808902BEB953F00BCAC60 /* Assets.xcassets in Resources */ = {isa = PBXBuildFile; fileRef = EC88088F2BEB953F00BCAC60 /* Assets.xcassets */; };
		EC8808932BEB953F00BCAC60 /* LaunchScreen.storyboard in Resources */ = {isa = PBXBuildFile; fileRef = EC8808912BEB953F00BCAC60 /* LaunchScreen.storyboard */; };
		EC8808A02BEB969600BCAC60 /* ACTabbarViewController.swift in Sources */ = {isa = PBXBuildFile; fileRef = EC88089F2BEB969600BCAC60 /* ACTabbarViewController.swift */; };
		EC8808A22BEB972400BCAC60 /* ACNewsViewController.swift in Sources */ = {isa = PBXBuildFile; fileRef = EC8808A12BEB972400BCAC60 /* ACNewsViewController.swift */; };
		EC8808A42BEB973700BCAC60 /* SaveViewController.swift in Sources */ = {isa = PBXBuildFile; fileRef = EC8808A32BEB973700BCAC60 /* SaveViewController.swift */; };
		EC8808A62BEB978500BCAC60 /* ACSettingsViewController.swift in Sources */ = {isa = PBXBuildFile; fileRef = EC8808A52BEB978500BCAC60 /* ACSettingsViewController.swift */; };
		EC8808A82BEB9F5900BCAC60 /* Article.swift in Sources */ = {isa = PBXBuildFile; fileRef = EC8808A72BEB9F5900BCAC60 /* Article.swift */; };
		EC8808AA2BEBA70B00BCAC60 /* news.json in Resources */ = {isa = PBXBuildFile; fileRef = EC8808A92BEBA70B00BCAC60 /* news.json */; };
		EC8808AC2BEBA8D800BCAC60 /* NewsResponse.swift in Sources */ = {isa = PBXBuildFile; fileRef = EC8808AB2BEBA8D800BCAC60 /* NewsResponse.swift */; };
		EC8808B02BEBAD9A00BCAC60 /* ACNewsView.swift in Sources */ = {isa = PBXBuildFile; fileRef = EC8808AF2BEBAD9A00BCAC60 /* ACNewsView.swift */; };
		EC8808B22BEBADA800BCAC60 /* ACNewsViewViewModel.swift in Sources */ = {isa = PBXBuildFile; fileRef = EC8808B12BEBADA800BCAC60 /* ACNewsViewViewModel.swift */; };
		EC8808B42BEBAE1000BCAC60 /* ACNewsCollectionViewCell.swift in Sources */ = {isa = PBXBuildFile; fileRef = EC8808B32BEBAE1000BCAC60 /* ACNewsCollectionViewCell.swift */; };
		EC8808B62BEBAED700BCAC60 /* Extensions.swift in Sources */ = {isa = PBXBuildFile; fileRef = EC8808B52BEBAED700BCAC60 /* Extensions.swift */; };
		EC8808BA2BEBEA6D00BCAC60 /* ACRequest.swift in Sources */ = {isa = PBXBuildFile; fileRef = EC8808B92BEBEA6D00BCAC60 /* ACRequest.swift */; };
		ECC0F7822BF1161C00D2DA1F /* SDWebImage in Frameworks */ = {isa = PBXBuildFile; productRef = ECC0F7812BF1161C00D2DA1F /* SDWebImage */; };
		ECCC28DD2BEEAE4000DB7E6F /* ACSettingsView.swift in Sources */ = {isa = PBXBuildFile; fileRef = ECCC28DC2BEEAE4000DB7E6F /* ACSettingsView.swift */; };
		ECCC28E02BEEAEC400DB7E6F /* ACSettingsViewViewModel.swift in Sources */ = {isa = PBXBuildFile; fileRef = ECCC28DF2BEEAEC400DB7E6F /* ACSettingsViewViewModel.swift */; };
		ECCC28E22BEEAEF000DB7E6F /* ACSettingsCellViewModel.swift in Sources */ = {isa = PBXBuildFile; fileRef = ECCC28E12BEEAEF000DB7E6F /* ACSettingsCellViewModel.swift */; };
		ECCC28E42BEEAF1900DB7E6F /* ACSettingsOption.swift in Sources */ = {isa = PBXBuildFile; fileRef = ECCC28E32BEEAF1900DB7E6F /* ACSettingsOption.swift */; };
		ECF399E12BEFED8800F2C20E /* ACSearchViewController.swift in Sources */ = {isa = PBXBuildFile; fileRef = ECF399E02BEFED8800F2C20E /* ACSearchViewController.swift */; };
/* End PBXBuildFile section */

/* Begin PBXFileReference section */
		EC71444E2BEF68ED00FF52DF /* SaveView.swift */ = {isa = PBXFileReference; lastKnownFileType = sourcecode.swift; path = SaveView.swift; sourceTree = "<group>"; };
		EC7144532BEF694F00FF52DF /* SaveViewViewModel.swift */ = {isa = PBXFileReference; lastKnownFileType = sourcecode.swift; path = SaveViewViewModel.swift; sourceTree = "<group>"; };
		EC7144562BEF6B5C00FF52DF /* SaveTableViewCell.swift */ = {isa = PBXFileReference; lastKnownFileType = sourcecode.swift; path = SaveTableViewCell.swift; sourceTree = "<group>"; };
		EC7144592BEF6D7A00FF52DF /* SaveManager.swift */ = {isa = PBXFileReference; lastKnownFileType = sourcecode.swift; path = SaveManager.swift; sourceTree = "<group>"; };
		EC7667B02BECD91A003E2C86 /* ACNewsDetailsViewController.swift */ = {isa = PBXFileReference; lastKnownFileType = sourcecode.swift; path = ACNewsDetailsViewController.swift; sourceTree = "<group>"; };
		EC7667B22BECD939003E2C86 /* ACNewsDetailsViewViewModel.swift */ = {isa = PBXFileReference; lastKnownFileType = sourcecode.swift; path = ACNewsDetailsViewViewModel.swift; sourceTree = "<group>"; };
		EC7667B42BECD959003E2C86 /* ACNewsDetailsView.swift */ = {isa = PBXFileReference; lastKnownFileType = sourcecode.swift; path = ACNewsDetailsView.swift; sourceTree = "<group>"; };
		EC78D1452C1F678600DE156D /* Endpoint.swift */ = {isa = PBXFileReference; lastKnownFileType = sourcecode.swift; path = Endpoint.swift; sourceTree = "<group>"; };
		EC78D1492C1F7D4600DE156D /* CategorySelectionView.swift */ = {isa = PBXFileReference; lastKnownFileType = sourcecode.swift; path = CategorySelectionView.swift; sourceTree = "<group>"; };
		EC78D14B2C1F81FD00DE156D /* CategorySelectionCollectionViewCell.swift */ = {isa = PBXFileReference; lastKnownFileType = sourcecode.swift; path = CategorySelectionCollectionViewCell.swift; sourceTree = "<group>"; };
		EC78D14F2C22E2A700DE156D /* DiscoverViewController.swift */ = {isa = PBXFileReference; lastKnownFileType = sourcecode.swift; path = DiscoverViewController.swift; sourceTree = "<group>"; };
		EC78D1542C22E3D100DE156D /* DiscoverView.swift */ = {isa = PBXFileReference; lastKnownFileType = sourcecode.swift; path = DiscoverView.swift; sourceTree = "<group>"; };
		EC78D1562C22E53900DE156D /* DiscoverTableViewCell.swift */ = {isa = PBXFileReference; lastKnownFileType = sourcecode.swift; path = DiscoverTableViewCell.swift; sourceTree = "<group>"; };
		EC78D1582C25B43A00DE156D /* DiscoverViewViewModel.swift */ = {isa = PBXFileReference; lastKnownFileType = sourcecode.swift; path = DiscoverViewViewModel.swift; sourceTree = "<group>"; };
		EC78D15A2C260B8F00DE156D /* Protocols.swift */ = {isa = PBXFileReference; lastKnownFileType = sourcecode.swift; path = Protocols.swift; sourceTree = "<group>"; };
		EC8808832BEB953D00BCAC60 /* ACNewsApp.app */ = {isa = PBXFileReference; explicitFileType = wrapper.application; includeInIndex = 0; path = ACNewsApp.app; sourceTree = BUILT_PRODUCTS_DIR; };
		EC8808862BEB953D00BCAC60 /* AppDelegate.swift */ = {isa = PBXFileReference; lastKnownFileType = sourcecode.swift; path = AppDelegate.swift; sourceTree = "<group>"; };
		EC8808882BEB953D00BCAC60 /* SceneDelegate.swift */ = {isa = PBXFileReference; lastKnownFileType = sourcecode.swift; path = SceneDelegate.swift; sourceTree = "<group>"; };
		EC88088A2BEB953D00BCAC60 /* ViewController.swift */ = {isa = PBXFileReference; lastKnownFileType = sourcecode.swift; path = ViewController.swift; sourceTree = "<group>"; };
		EC88088D2BEB953D00BCAC60 /* Base */ = {isa = PBXFileReference; lastKnownFileType = file.storyboard; name = Base; path = Base.lproj/Main.storyboard; sourceTree = "<group>"; };
		EC88088F2BEB953F00BCAC60 /* Assets.xcassets */ = {isa = PBXFileReference; lastKnownFileType = folder.assetcatalog; path = Assets.xcassets; sourceTree = "<group>"; };
		EC8808922BEB953F00BCAC60 /* Base */ = {isa = PBXFileReference; lastKnownFileType = file.storyboard; name = Base; path = Base.lproj/LaunchScreen.storyboard; sourceTree = "<group>"; };
		EC8808942BEB953F00BCAC60 /* Info.plist */ = {isa = PBXFileReference; lastKnownFileType = text.plist.xml; path = Info.plist; sourceTree = "<group>"; };
		EC88089F2BEB969600BCAC60 /* ACTabbarViewController.swift */ = {isa = PBXFileReference; lastKnownFileType = sourcecode.swift; path = ACTabbarViewController.swift; sourceTree = "<group>"; };
		EC8808A12BEB972400BCAC60 /* ACNewsViewController.swift */ = {isa = PBXFileReference; lastKnownFileType = sourcecode.swift; path = ACNewsViewController.swift; sourceTree = "<group>"; };
		EC8808A32BEB973700BCAC60 /* SaveViewController.swift */ = {isa = PBXFileReference; lastKnownFileType = sourcecode.swift; path = SaveViewController.swift; sourceTree = "<group>"; };
		EC8808A52BEB978500BCAC60 /* ACSettingsViewController.swift */ = {isa = PBXFileReference; lastKnownFileType = sourcecode.swift; path = ACSettingsViewController.swift; sourceTree = "<group>"; };
		EC8808A72BEB9F5900BCAC60 /* Article.swift */ = {isa = PBXFileReference; lastKnownFileType = sourcecode.swift; path = Article.swift; sourceTree = "<group>"; };
		EC8808A92BEBA70B00BCAC60 /* news.json */ = {isa = PBXFileReference; lastKnownFileType = text.json; path = news.json; sourceTree = "<group>"; };
		EC8808AB2BEBA8D800BCAC60 /* NewsResponse.swift */ = {isa = PBXFileReference; lastKnownFileType = sourcecode.swift; path = NewsResponse.swift; sourceTree = "<group>"; };
		EC8808AF2BEBAD9A00BCAC60 /* ACNewsView.swift */ = {isa = PBXFileReference; lastKnownFileType = sourcecode.swift; path = ACNewsView.swift; sourceTree = "<group>"; };
		EC8808B12BEBADA800BCAC60 /* ACNewsViewViewModel.swift */ = {isa = PBXFileReference; lastKnownFileType = sourcecode.swift; path = ACNewsViewViewModel.swift; sourceTree = "<group>"; };
		EC8808B32BEBAE1000BCAC60 /* ACNewsCollectionViewCell.swift */ = {isa = PBXFileReference; lastKnownFileType = sourcecode.swift; path = ACNewsCollectionViewCell.swift; sourceTree = "<group>"; };
		EC8808B52BEBAED700BCAC60 /* Extensions.swift */ = {isa = PBXFileReference; lastKnownFileType = sourcecode.swift; path = Extensions.swift; sourceTree = "<group>"; };
		EC8808B92BEBEA6D00BCAC60 /* ACRequest.swift */ = {isa = PBXFileReference; lastKnownFileType = sourcecode.swift; path = ACRequest.swift; sourceTree = "<group>"; };
		ECCC28DC2BEEAE4000DB7E6F /* ACSettingsView.swift */ = {isa = PBXFileReference; lastKnownFileType = sourcecode.swift; path = ACSettingsView.swift; sourceTree = "<group>"; };
		ECCC28DF2BEEAEC400DB7E6F /* ACSettingsViewViewModel.swift */ = {isa = PBXFileReference; lastKnownFileType = sourcecode.swift; path = ACSettingsViewViewModel.swift; sourceTree = "<group>"; };
		ECCC28E12BEEAEF000DB7E6F /* ACSettingsCellViewModel.swift */ = {isa = PBXFileReference; lastKnownFileType = sourcecode.swift; path = ACSettingsCellViewModel.swift; sourceTree = "<group>"; };
		ECCC28E32BEEAF1900DB7E6F /* ACSettingsOption.swift */ = {isa = PBXFileReference; lastKnownFileType = sourcecode.swift; path = ACSettingsOption.swift; sourceTree = "<group>"; };
		ECF399E02BEFED8800F2C20E /* ACSearchViewController.swift */ = {isa = PBXFileReference; lastKnownFileType = sourcecode.swift; path = ACSearchViewController.swift; sourceTree = "<group>"; };
/* End PBXFileReference section */

/* Begin PBXFrameworksBuildPhase section */
		EC8808802BEB953D00BCAC60 /* Frameworks */ = {
			isa = PBXFrameworksBuildPhase;
			buildActionMask = 2147483647;
			files = (
				ECC0F7822BF1161C00D2DA1F /* SDWebImage in Frameworks */,
			);
			runOnlyForDeploymentPostprocessing = 0;
		};
/* End PBXFrameworksBuildPhase section */

/* Begin PBXGroup section */
		EC7144502BEF68F200FF52DF /* Save */ = {
			isa = PBXGroup;
			children = (
				EC71444E2BEF68ED00FF52DF /* SaveView.swift */,
				EC7144562BEF6B5C00FF52DF /* SaveTableViewCell.swift */,
			);
			path = Save;
			sourceTree = "<group>";
		};
		EC7144512BEF691900FF52DF /* Settings */ = {
			isa = PBXGroup;
			children = (
				ECCC28DC2BEEAE4000DB7E6F /* ACSettingsView.swift */,
			);
			path = Settings;
			sourceTree = "<group>";
		};
		EC7144522BEF693200FF52DF /* Save */ = {
			isa = PBXGroup;
			children = (
				EC7144532BEF694F00FF52DF /* SaveViewViewModel.swift */,
			);
			path = Save;
			sourceTree = "<group>";
		};
		EC7144552BEF69DF00FF52DF /* Tabbar */ = {
			isa = PBXGroup;
			children = (
				EC88089F2BEB969600BCAC60 /* ACTabbarViewController.swift */,
			);
			path = Tabbar;
			sourceTree = "<group>";
		};
		EC7144582BEF6D5800FF52DF /* Extensions */ = {
			isa = PBXGroup;
			children = (
				EC7144592BEF6D7A00FF52DF /* SaveManager.swift */,
				EC8808B52BEBAED700BCAC60 /* Extensions.swift */,
				EC78D15A2C260B8F00DE156D /* Protocols.swift */,
			);
			path = Extensions;
			sourceTree = "<group>";
		};
		EC7667B62BECECE3003E2C86 /* News */ = {
			isa = PBXGroup;
			children = (
				EC8808B32BEBAE1000BCAC60 /* ACNewsCollectionViewCell.swift */,
				EC78D1492C1F7D4600DE156D /* CategorySelectionView.swift */,
				EC78D14B2C1F81FD00DE156D /* CategorySelectionCollectionViewCell.swift */,
				EC8808AF2BEBAD9A00BCAC60 /* ACNewsView.swift */,
			);
			path = News;
			sourceTree = "<group>";
		};
		EC7667B72BECECF1003E2C86 /* NewsDetails */ = {
			isa = PBXGroup;
			children = (
				EC7667B42BECD959003E2C86 /* ACNewsDetailsView.swift */,
			);
			path = NewsDetails;
			sourceTree = "<group>";
		};
		EC7667B82BECED17003E2C86 /* News */ = {
			isa = PBXGroup;
			children = (
				EC8808B12BEBADA800BCAC60 /* ACNewsViewViewModel.swift */,
			);
			path = News;
			sourceTree = "<group>";
		};
		EC7667B92BECED1E003E2C86 /* NewsDetails */ = {
			isa = PBXGroup;
			children = (
				EC7667B22BECD939003E2C86 /* ACNewsDetailsViewViewModel.swift */,
			);
			path = NewsDetails;
			sourceTree = "<group>";
		};
		EC7667BA2BECED34003E2C86 /* News */ = {
			isa = PBXGroup;
			children = (
				EC8808A12BEB972400BCAC60 /* ACNewsViewController.swift */,
			);
			path = News;
			sourceTree = "<group>";
		};
		EC7667BB2BECED43003E2C86 /* NewsDetails */ = {
			isa = PBXGroup;
			children = (
				EC7667B02BECD91A003E2C86 /* ACNewsDetailsViewController.swift */,
			);
			path = NewsDetails;
			sourceTree = "<group>";
		};
		EC7667BC2BECF339003E2C86 /* Save */ = {
			isa = PBXGroup;
			children = (
				EC8808A32BEB973700BCAC60 /* SaveViewController.swift */,
			);
			path = Save;
			sourceTree = "<group>";
		};
		EC7667BD2BECF353003E2C86 /* Settings */ = {
			isa = PBXGroup;
			children = (
				EC8808A52BEB978500BCAC60 /* ACSettingsViewController.swift */,
			);
			path = Settings;
			sourceTree = "<group>";
		};
		EC78D14D2C22E28A00DE156D /* Discover */ = {
			isa = PBXGroup;
			children = (
				EC78D1582C25B43A00DE156D /* DiscoverViewViewModel.swift */,
			);
			path = Discover;
			sourceTree = "<group>";
		};
		EC78D14E2C22E29000DE156D /* Discover */ = {
			isa = PBXGroup;
			children = (
				EC78D14F2C22E2A700DE156D /* DiscoverViewController.swift */,
			);
			path = Discover;
			sourceTree = "<group>";
		};
		EC78D1522C22E2BB00DE156D /* Discover */ = {
			isa = PBXGroup;
			children = (
				EC78D1542C22E3D100DE156D /* DiscoverView.swift */,
				EC78D1562C22E53900DE156D /* DiscoverTableViewCell.swift */,
			);
			path = Discover;
			sourceTree = "<group>";
		};
		EC88087A2BEB953D00BCAC60 = {
			isa = PBXGroup;
			children = (
				EC8808852BEB953D00BCAC60 /* ACNewsApp */,
				EC8808842BEB953D00BCAC60 /* Products */,
			);
			sourceTree = "<group>";
		};
		EC8808842BEB953D00BCAC60 /* Products */ = {
			isa = PBXGroup;
			children = (
				EC8808832BEB953D00BCAC60 /* ACNewsApp.app */,
			);
			name = Products;
			sourceTree = "<group>";
		};
		EC8808852BEB953D00BCAC60 /* ACNewsApp */ = {
			isa = PBXGroup;
			children = (
				EC7144582BEF6D5800FF52DF /* Extensions */,
				EC88089C2BEB95F900BCAC60 /* Models */,
				EC88089B2BEB95D400BCAC60 /* View */,
				EC88089A2BEB95C400BCAC60 /* ViewModel */,
				EC88089E2BEB963E00BCAC60 /* ViewController */,
				EC8808862BEB953D00BCAC60 /* AppDelegate.swift */,
				EC8808A92BEBA70B00BCAC60 /* news.json */,
				EC8808882BEB953D00BCAC60 /* SceneDelegate.swift */,
				EC88088A2BEB953D00BCAC60 /* ViewController.swift */,
				EC88088C2BEB953D00BCAC60 /* Main.storyboard */,
				EC88088F2BEB953F00BCAC60 /* Assets.xcassets */,
				EC8808912BEB953F00BCAC60 /* LaunchScreen.storyboard */,
				EC8808942BEB953F00BCAC60 /* Info.plist */,
			);
			path = ACNewsApp;
			sourceTree = "<group>";
		};
		EC88089A2BEB95C400BCAC60 /* ViewModel */ = {
			isa = PBXGroup;
			children = (
				EC78D14D2C22E28A00DE156D /* Discover */,
				EC7667B82BECED17003E2C86 /* News */,
				EC7667B92BECED1E003E2C86 /* NewsDetails */,
				EC7144522BEF693200FF52DF /* Save */,
				ECCC28DE2BEEAEA400DB7E6F /* Settings */,
			);
			path = ViewModel;
			sourceTree = "<group>";
		};
		EC88089B2BEB95D400BCAC60 /* View */ = {
			isa = PBXGroup;
			children = (
				EC78D1522C22E2BB00DE156D /* Discover */,
				EC7667B62BECECE3003E2C86 /* News */,
				EC7667B72BECECF1003E2C86 /* NewsDetails */,
				EC7144502BEF68F200FF52DF /* Save */,
				EC7144512BEF691900FF52DF /* Settings */,
			);
			path = View;
			sourceTree = "<group>";
		};
		EC88089C2BEB95F900BCAC60 /* Models */ = {
			isa = PBXGroup;
			children = (
				EC8808A72BEB9F5900BCAC60 /* Article.swift */,
				EC8808AB2BEBA8D800BCAC60 /* NewsResponse.swift */,
				EC8808B92BEBEA6D00BCAC60 /* ACRequest.swift */,
				EC78D1452C1F678600DE156D /* Endpoint.swift */,
			);
			path = Models;
			sourceTree = "<group>";
		};
		EC88089E2BEB963E00BCAC60 /* ViewController */ = {
			isa = PBXGroup;
			children = (
				EC78D14E2C22E29000DE156D /* Discover */,
				ECF399DF2BEFED6900F2C20E /* Search */,
				EC7144552BEF69DF00FF52DF /* Tabbar */,
				EC7667BA2BECED34003E2C86 /* News */,
				EC7667BB2BECED43003E2C86 /* NewsDetails */,
				EC7667BC2BECF339003E2C86 /* Save */,
				EC7667BD2BECF353003E2C86 /* Settings */,
			);
			path = ViewController;
			sourceTree = "<group>";
		};
		ECCC28DE2BEEAEA400DB7E6F /* Settings */ = {
			isa = PBXGroup;
			children = (
				ECCC28E12BEEAEF000DB7E6F /* ACSettingsCellViewModel.swift */,
				ECCC28DF2BEEAEC400DB7E6F /* ACSettingsViewViewModel.swift */,
				ECCC28E32BEEAF1900DB7E6F /* ACSettingsOption.swift */,
			);
			path = Settings;
			sourceTree = "<group>";
		};
		ECF399DF2BEFED6900F2C20E /* Search */ = {
			isa = PBXGroup;
			children = (
				ECF399E02BEFED8800F2C20E /* ACSearchViewController.swift */,
			);
			path = Search;
			sourceTree = "<group>";
		};
/* End PBXGroup section */

/* Begin PBXNativeTarget section */
		EC8808822BEB953D00BCAC60 /* ACNewsApp */ = {
			isa = PBXNativeTarget;
			buildConfigurationList = EC8808972BEB953F00BCAC60 /* Build configuration list for PBXNativeTarget "ACNewsApp" */;
			buildPhases = (
				EC88087F2BEB953D00BCAC60 /* Sources */,
				EC8808802BEB953D00BCAC60 /* Frameworks */,
				EC8808812BEB953D00BCAC60 /* Resources */,
			);
			buildRules = (
			);
			dependencies = (
			);
			name = ACNewsApp;
			packageProductDependencies = (
				ECC0F7812BF1161C00D2DA1F /* SDWebImage */,
			);
			productName = ACNewsApp;
			productReference = EC8808832BEB953D00BCAC60 /* ACNewsApp.app */;
			productType = "com.apple.product-type.application";
		};
/* End PBXNativeTarget section */

/* Begin PBXProject section */
		EC88087B2BEB953D00BCAC60 /* Project object */ = {
			isa = PBXProject;
			attributes = {
				BuildIndependentTargetsInParallel = 1;
				LastSwiftUpdateCheck = 1430;
				LastUpgradeCheck = 1430;
				TargetAttributes = {
					EC8808822BEB953D00BCAC60 = {
						CreatedOnToolsVersion = 14.3.1;
					};
				};
			};
			buildConfigurationList = EC88087E2BEB953D00BCAC60 /* Build configuration list for PBXProject "ACNewsApp" */;
			compatibilityVersion = "Xcode 14.0";
			developmentRegion = en;
			hasScannedForEncodings = 0;
			knownRegions = (
				en,
				Base,
			);
			mainGroup = EC88087A2BEB953D00BCAC60;
			packageReferences = (
				ECC0F7802BF1161C00D2DA1F /* XCRemoteSwiftPackageReference "SDWebImage" */,
			);
			productRefGroup = EC8808842BEB953D00BCAC60 /* Products */;
			projectDirPath = "";
			projectRoot = "";
			targets = (
				EC8808822BEB953D00BCAC60 /* ACNewsApp */,
			);
		};
/* End PBXProject section */

/* Begin PBXResourcesBuildPhase section */
		EC8808812BEB953D00BCAC60 /* Resources */ = {
			isa = PBXResourcesBuildPhase;
			buildActionMask = 2147483647;
			files = (
				EC8808932BEB953F00BCAC60 /* LaunchScreen.storyboard in Resources */,
				EC8808902BEB953F00BCAC60 /* Assets.xcassets in Resources */,
				EC8808AA2BEBA70B00BCAC60 /* news.json in Resources */,
				EC88088E2BEB953D00BCAC60 /* Main.storyboard in Resources */,
			);
			runOnlyForDeploymentPostprocessing = 0;
		};
/* End PBXResourcesBuildPhase section */

/* Begin PBXSourcesBuildPhase section */
		EC88087F2BEB953D00BCAC60 /* Sources */ = {
			isa = PBXSourcesBuildPhase;
			buildActionMask = 2147483647;
			files = (
				EC7667B32BECD939003E2C86 /* ACNewsDetailsViewViewModel.swift in Sources */,
				EC78D1462C1F678600DE156D /* Endpoint.swift in Sources */,
				EC8808B02BEBAD9A00BCAC60 /* ACNewsView.swift in Sources */,
				ECF399E12BEFED8800F2C20E /* ACSearchViewController.swift in Sources */,
				EC7144542BEF694F00FF52DF /* SaveViewViewModel.swift in Sources */,
				EC7667B52BECD959003E2C86 /* ACNewsDetailsView.swift in Sources */,
				EC78D1592C25B43A00DE156D /* DiscoverViewViewModel.swift in Sources */,
				ECCC28E42BEEAF1900DB7E6F /* ACSettingsOption.swift in Sources */,
				EC78D1552C22E3D100DE156D /* DiscoverView.swift in Sources */,
				EC71445A2BEF6D7A00FF52DF /* SaveManager.swift in Sources */,
				ECCC28E02BEEAEC400DB7E6F /* ACSettingsViewViewModel.swift in Sources */,
				ECCC28DD2BEEAE4000DB7E6F /* ACSettingsView.swift in Sources */,
				EC8808A22BEB972400BCAC60 /* ACNewsViewController.swift in Sources */,
				EC78D14C2C1F81FD00DE156D /* CategorySelectionCollectionViewCell.swift in Sources */,
				EC88088B2BEB953D00BCAC60 /* ViewController.swift in Sources */,
				EC71444F2BEF68ED00FF52DF /* SaveView.swift in Sources */,
				EC8808B22BEBADA800BCAC60 /* ACNewsViewViewModel.swift in Sources */,
				EC8808A82BEB9F5900BCAC60 /* Article.swift in Sources */,
				EC8808BA2BEBEA6D00BCAC60 /* ACRequest.swift in Sources */,
				EC7144572BEF6B5C00FF52DF /* SaveTableViewCell.swift in Sources */,
				EC8808AC2BEBA8D800BCAC60 /* NewsResponse.swift in Sources */,
				ECCC28E22BEEAEF000DB7E6F /* ACSettingsCellViewModel.swift in Sources */,
				EC8808872BEB953D00BCAC60 /* AppDelegate.swift in Sources */,
				EC8808A02BEB969600BCAC60 /* ACTabbarViewController.swift in Sources */,
				EC7667B12BECD91A003E2C86 /* ACNewsDetailsViewController.swift in Sources */,
				EC8808A42BEB973700BCAC60 /* SaveViewController.swift in Sources */,
				EC8808892BEB953D00BCAC60 /* SceneDelegate.swift in Sources */,
				EC78D1502C22E2A700DE156D /* DiscoverViewController.swift in Sources */,
				EC8808A62BEB978500BCAC60 /* ACSettingsViewController.swift in Sources */,
				EC78D15B2C260B8F00DE156D /* Protocols.swift in Sources */,
				EC78D1572C22E53900DE156D /* DiscoverTableViewCell.swift in Sources */,
				EC78D14A2C1F7D4600DE156D /* CategorySelectionView.swift in Sources */,
				EC8808B42BEBAE1000BCAC60 /* ACNewsCollectionViewCell.swift in Sources */,
				EC8808B62BEBAED700BCAC60 /* Extensions.swift in Sources */,
			);
			runOnlyForDeploymentPostprocessing = 0;
		};
/* End PBXSourcesBuildPhase section */

/* Begin PBXVariantGroup section */
		EC88088C2BEB953D00BCAC60 /* Main.storyboard */ = {
			isa = PBXVariantGroup;
			children = (
				EC88088D2BEB953D00BCAC60 /* Base */,
			);
			name = Main.storyboard;
			sourceTree = "<group>";
		};
		EC8808912BEB953F00BCAC60 /* LaunchScreen.storyboard */ = {
			isa = PBXVariantGroup;
			children = (
				EC8808922BEB953F00BCAC60 /* Base */,
			);
			name = LaunchScreen.storyboard;
			sourceTree = "<group>";
		};
/* End PBXVariantGroup section */

/* Begin XCBuildConfiguration section */
		EC8808952BEB953F00BCAC60 /* Debug */ = {
			isa = XCBuildConfiguration;
			buildSettings = {
				ALWAYS_SEARCH_USER_PATHS = NO;
				CLANG_ANALYZER_NONNULL = YES;
				CLANG_ANALYZER_NUMBER_OBJECT_CONVERSION = YES_AGGRESSIVE;
				CLANG_CXX_LANGUAGE_STANDARD = "gnu++20";
				CLANG_ENABLE_MODULES = YES;
				CLANG_ENABLE_OBJC_ARC = YES;
				CLANG_ENABLE_OBJC_WEAK = YES;
				CLANG_WARN_BLOCK_CAPTURE_AUTORELEASING = YES;
				CLANG_WARN_BOOL_CONVERSION = YES;
				CLANG_WARN_COMMA = YES;
				CLANG_WARN_CONSTANT_CONVERSION = YES;
				CLANG_WARN_DEPRECATED_OBJC_IMPLEMENTATIONS = YES;
				CLANG_WARN_DIRECT_OBJC_ISA_USAGE = YES_ERROR;
				CLANG_WARN_DOCUMENTATION_COMMENTS = YES;
				CLANG_WARN_EMPTY_BODY = YES;
				CLANG_WARN_ENUM_CONVERSION = YES;
				CLANG_WARN_INFINITE_RECURSION = YES;
				CLANG_WARN_INT_CONVERSION = YES;
				CLANG_WARN_NON_LITERAL_NULL_CONVERSION = YES;
				CLANG_WARN_OBJC_IMPLICIT_RETAIN_SELF = YES;
				CLANG_WARN_OBJC_LITERAL_CONVERSION = YES;
				CLANG_WARN_OBJC_ROOT_CLASS = YES_ERROR;
				CLANG_WARN_QUOTED_INCLUDE_IN_FRAMEWORK_HEADER = YES;
				CLANG_WARN_RANGE_LOOP_ANALYSIS = YES;
				CLANG_WARN_STRICT_PROTOTYPES = YES;
				CLANG_WARN_SUSPICIOUS_MOVE = YES;
				CLANG_WARN_UNGUARDED_AVAILABILITY = YES_AGGRESSIVE;
				CLANG_WARN_UNREACHABLE_CODE = YES;
				CLANG_WARN__DUPLICATE_METHOD_MATCH = YES;
				COPY_PHASE_STRIP = NO;
				DEBUG_INFORMATION_FORMAT = dwarf;
				ENABLE_STRICT_OBJC_MSGSEND = YES;
				ENABLE_TESTABILITY = YES;
				GCC_C_LANGUAGE_STANDARD = gnu11;
				GCC_DYNAMIC_NO_PIC = NO;
				GCC_NO_COMMON_BLOCKS = YES;
				GCC_OPTIMIZATION_LEVEL = 0;
				GCC_PREPROCESSOR_DEFINITIONS = (
					"DEBUG=1",
					"$(inherited)",
				);
				GCC_WARN_64_TO_32_BIT_CONVERSION = YES;
				GCC_WARN_ABOUT_RETURN_TYPE = YES_ERROR;
				GCC_WARN_UNDECLARED_SELECTOR = YES;
				GCC_WARN_UNINITIALIZED_AUTOS = YES_AGGRESSIVE;
				GCC_WARN_UNUSED_FUNCTION = YES;
				GCC_WARN_UNUSED_VARIABLE = YES;
				IPHONEOS_DEPLOYMENT_TARGET = 16.4;
				MTL_ENABLE_DEBUG_INFO = INCLUDE_SOURCE;
				MTL_FAST_MATH = YES;
				ONLY_ACTIVE_ARCH = YES;
				SDKROOT = iphoneos;
				SWIFT_ACTIVE_COMPILATION_CONDITIONS = DEBUG;
				SWIFT_OPTIMIZATION_LEVEL = "-Onone";
			};
			name = Debug;
		};
		EC8808962BEB953F00BCAC60 /* Release */ = {
			isa = XCBuildConfiguration;
			buildSettings = {
				ALWAYS_SEARCH_USER_PATHS = NO;
				CLANG_ANALYZER_NONNULL = YES;
				CLANG_ANALYZER_NUMBER_OBJECT_CONVERSION = YES_AGGRESSIVE;
				CLANG_CXX_LANGUAGE_STANDARD = "gnu++20";
				CLANG_ENABLE_MODULES = YES;
				CLANG_ENABLE_OBJC_ARC = YES;
				CLANG_ENABLE_OBJC_WEAK = YES;
				CLANG_WARN_BLOCK_CAPTURE_AUTORELEASING = YES;
				CLANG_WARN_BOOL_CONVERSION = YES;
				CLANG_WARN_COMMA = YES;
				CLANG_WARN_CONSTANT_CONVERSION = YES;
				CLANG_WARN_DEPRECATED_OBJC_IMPLEMENTATIONS = YES;
				CLANG_WARN_DIRECT_OBJC_ISA_USAGE = YES_ERROR;
				CLANG_WARN_DOCUMENTATION_COMMENTS = YES;
				CLANG_WARN_EMPTY_BODY = YES;
				CLANG_WARN_ENUM_CONVERSION = YES;
				CLANG_WARN_INFINITE_RECURSION = YES;
				CLANG_WARN_INT_CONVERSION = YES;
				CLANG_WARN_NON_LITERAL_NULL_CONVERSION = YES;
				CLANG_WARN_OBJC_IMPLICIT_RETAIN_SELF = YES;
				CLANG_WARN_OBJC_LITERAL_CONVERSION = YES;
				CLANG_WARN_OBJC_ROOT_CLASS = YES_ERROR;
				CLANG_WARN_QUOTED_INCLUDE_IN_FRAMEWORK_HEADER = YES;
				CLANG_WARN_RANGE_LOOP_ANALYSIS = YES;
				CLANG_WARN_STRICT_PROTOTYPES = YES;
				CLANG_WARN_SUSPICIOUS_MOVE = YES;
				CLANG_WARN_UNGUARDED_AVAILABILITY = YES_AGGRESSIVE;
				CLANG_WARN_UNREACHABLE_CODE = YES;
				CLANG_WARN__DUPLICATE_METHOD_MATCH = YES;
				COPY_PHASE_STRIP = NO;
				DEBUG_INFORMATION_FORMAT = "dwarf-with-dsym";
				ENABLE_NS_ASSERTIONS = NO;
				ENABLE_STRICT_OBJC_MSGSEND = YES;
				GCC_C_LANGUAGE_STANDARD = gnu11;
				GCC_NO_COMMON_BLOCKS = YES;
				GCC_WARN_64_TO_32_BIT_CONVERSION = YES;
				GCC_WARN_ABOUT_RETURN_TYPE = YES_ERROR;
				GCC_WARN_UNDECLARED_SELECTOR = YES;
				GCC_WARN_UNINITIALIZED_AUTOS = YES_AGGRESSIVE;
				GCC_WARN_UNUSED_FUNCTION = YES;
				GCC_WARN_UNUSED_VARIABLE = YES;
				IPHONEOS_DEPLOYMENT_TARGET = 16.4;
				MTL_ENABLE_DEBUG_INFO = NO;
				MTL_FAST_MATH = YES;
				SDKROOT = iphoneos;
				SWIFT_COMPILATION_MODE = wholemodule;
				SWIFT_OPTIMIZATION_LEVEL = "-O";
				VALIDATE_PRODUCT = YES;
			};
			name = Release;
		};
		EC8808982BEB953F00BCAC60 /* Debug */ = {
			isa = XCBuildConfiguration;
			buildSettings = {
				ASSETCATALOG_COMPILER_APPICON_NAME = AppIcon;
				ASSETCATALOG_COMPILER_GLOBAL_ACCENT_COLOR_NAME = AccentColor;
				CODE_SIGN_STYLE = Automatic;
				CURRENT_PROJECT_VERSION = 1;
				GENERATE_INFOPLIST_FILE = YES;
				INFOPLIST_FILE = ACNewsApp/Info.plist;
				INFOPLIST_KEY_CFBundleDisplayName = News;
				INFOPLIST_KEY_LSApplicationCategoryType = "public.app-category.news";
				INFOPLIST_KEY_UIApplicationSupportsIndirectInputEvents = YES;
				INFOPLIST_KEY_UILaunchStoryboardName = LaunchScreen;
				INFOPLIST_KEY_UIMainStoryboardFile = Main;
				INFOPLIST_KEY_UISupportedInterfaceOrientations_iPad = "UIInterfaceOrientationPortrait UIInterfaceOrientationPortraitUpsideDown UIInterfaceOrientationLandscapeLeft UIInterfaceOrientationLandscapeRight";
				INFOPLIST_KEY_UISupportedInterfaceOrientations_iPhone = "UIInterfaceOrientationPortrait UIInterfaceOrientationLandscapeLeft UIInterfaceOrientationLandscapeRight";
				LD_RUNPATH_SEARCH_PATHS = (
					"$(inherited)",
					"@executable_path/Frameworks",
				);
				MARKETING_VERSION = 1.0;
				PRODUCT_BUNDLE_IDENTIFIER = com.bnezgirl.ACNewsApp;
				PRODUCT_NAME = "$(TARGET_NAME)";
				SWIFT_EMIT_LOC_STRINGS = YES;
				SWIFT_VERSION = 5.0;
				TARGETED_DEVICE_FAMILY = "1,2";
			};
			name = Debug;
		};
		EC8808992BEB953F00BCAC60 /* Release */ = {
			isa = XCBuildConfiguration;
			buildSettings = {
				ASSETCATALOG_COMPILER_APPICON_NAME = AppIcon;
				ASSETCATALOG_COMPILER_GLOBAL_ACCENT_COLOR_NAME = AccentColor;
				CODE_SIGN_STYLE = Automatic;
				CURRENT_PROJECT_VERSION = 1;
				GENERATE_INFOPLIST_FILE = YES;
				INFOPLIST_FILE = ACNewsApp/Info.plist;
				INFOPLIST_KEY_CFBundleDisplayName = News;
				INFOPLIST_KEY_LSApplicationCategoryType = "public.app-category.news";
				INFOPLIST_KEY_UIApplicationSupportsIndirectInputEvents = YES;
				INFOPLIST_KEY_UILaunchStoryboardName = LaunchScreen;
				INFOPLIST_KEY_UIMainStoryboardFile = Main;
				INFOPLIST_KEY_UISupportedInterfaceOrientations_iPad = "UIInterfaceOrientationPortrait UIInterfaceOrientationPortraitUpsideDown UIInterfaceOrientationLandscapeLeft UIInterfaceOrientationLandscapeRight";
				INFOPLIST_KEY_UISupportedInterfaceOrientations_iPhone = "UIInterfaceOrientationPortrait UIInterfaceOrientationLandscapeLeft UIInterfaceOrientationLandscapeRight";
				LD_RUNPATH_SEARCH_PATHS = (
					"$(inherited)",
					"@executable_path/Frameworks",
				);
				MARKETING_VERSION = 1.0;
				PRODUCT_BUNDLE_IDENTIFIER = com.bnezgirl.ACNewsApp;
				PRODUCT_NAME = "$(TARGET_NAME)";
				SWIFT_EMIT_LOC_STRINGS = YES;
				SWIFT_VERSION = 5.0;
				TARGETED_DEVICE_FAMILY = "1,2";
			};
			name = Release;
		};
/* End XCBuildConfiguration section */

/* Begin XCConfigurationList section */
		EC88087E2BEB953D00BCAC60 /* Build configuration list for PBXProject "ACNewsApp" */ = {
			isa = XCConfigurationList;
			buildConfigurations = (
				EC8808952BEB953F00BCAC60 /* Debug */,
				EC8808962BEB953F00BCAC60 /* Release */,
			);
			defaultConfigurationIsVisible = 0;
			defaultConfigurationName = Release;
		};
		EC8808972BEB953F00BCAC60 /* Build configuration list for PBXNativeTarget "ACNewsApp" */ = {
			isa = XCConfigurationList;
			buildConfigurations = (
				EC8808982BEB953F00BCAC60 /* Debug */,
				EC8808992BEB953F00BCAC60 /* Release */,
			);
			defaultConfigurationIsVisible = 0;
			defaultConfigurationName = Release;
		};
/* End XCConfigurationList section */

/* Begin XCRemoteSwiftPackageReference section */
		ECC0F7802BF1161C00D2DA1F /* XCRemoteSwiftPackageReference "SDWebImage" */ = {
			isa = XCRemoteSwiftPackageReference;
			repositoryURL = "https://github.com/SDWebImage/SDWebImage.git";
			requirement = {
				kind = upToNextMajorVersion;
				minimumVersion = 5.0.0;
			};
		};
/* End XCRemoteSwiftPackageReference section */

/* Begin XCSwiftPackageProductDependency section */
		ECC0F7812BF1161C00D2DA1F /* SDWebImage */ = {
			isa = XCSwiftPackageProductDependency;
			package = ECC0F7802BF1161C00D2DA1F /* XCRemoteSwiftPackageReference "SDWebImage" */;
			productName = SDWebImage;
		};
/* End XCSwiftPackageProductDependency section */
	};
	rootObject = EC88087B2BEB953D00BCAC60 /* Project object */;
}
